Microsoft Visual Studio Solution File, Format Version 12.00
# Visual Studio Version 17
VisualStudioVersion = 17.13.35828.75
MinimumVisualStudioVersion = 10.0.40219.1
Project("{FAE04EC0-301F-11D3-BF4B-00C04F79EFBC}") = "9prak", "9prak.csproj", "{DCD0BDF9-A182-4018-BA88-A6E18E556217}"
EndProject
Global
	GlobalSection(SolutionConfigurationPlatforms) = preSolution
		Debug|Any CPU = Debug|Any CPU
		Release|Any CPU = Release|Any CPU
	EndGlobalSection
	GlobalSection(ProjectConfigurationPlatforms) = postSolution
		{DCD0BDF9-A182-4018-BA88-A6E18E556217}.Debug|Any CPU.ActiveCfg = Debug|Any CPU
		{DCD0BDF9-A182-4018-BA88-A6E18E556217}.Debug|Any CPU.Build.0 = Debug|Any CPU
		{DCD0BDF9-A182-4018-BA88-A6E18E556217}.Release|Any CPU.ActiveCfg = Release|Any CPU
		{DCD0BDF9-A182-4018-BA88-A6E18E556217}.Release|Any CPU.Build.0 = Release|Any CPU
	EndGlobalSection
	GlobalSection(SolutionProperties) = preSolution
		HideSolutionNode = FALSE
	EndGlobalSection
	GlobalSection(ExtensibilityGlobals) = postSolution
		SolutionGuid = {E1C31B4A-13B2-42FF-8B98-2C8368629CFD}
	EndGlobalSection
EndGlobal
