Microsoft Visual Studio Solution File, Format Version 12.00
# Visual Studio Version 17
VisualStudioVersion = 17.13.35828.75
MinimumVisualStudioVersion = 10.0.40219.1
Project("{FAE04EC0-301F-11D3-BF4B-00C04F79EFBC}") = "6prak", "6prak.csproj", "{022A7FC6-C539-4192-ADEC-546F307CEBB1}"
EndProject
Global
	GlobalSection(SolutionConfigurationPlatforms) = preSolution
		Debug|Any CPU = Debug|Any CPU
		Release|Any CPU = Release|Any CPU
	EndGlobalSection
	GlobalSection(ProjectConfigurationPlatforms) = postSolution
		{022A7FC6-C539-4192-ADEC-546F307CEBB1}.Debug|Any CPU.ActiveCfg = Debug|Any CPU
		{022A7FC6-C539-4192-ADEC-546F307CEBB1}.Debug|Any CPU.Build.0 = Debug|Any CPU
		{022A7FC6-C539-4192-ADEC-546F307CEBB1}.Release|Any CPU.ActiveCfg = Release|Any CPU
		{022A7FC6-C539-4192-ADEC-546F307CEBB1}.Release|Any CPU.Build.0 = Release|Any CPU
	EndGlobalSection
	GlobalSection(SolutionProperties) = preSolution
		HideSolutionNode = FALSE
	EndGlobalSection
	GlobalSection(ExtensibilityGlobals) = postSolution
		SolutionGuid = {D7FD0CDA-2603-4E31-96B9-73B3AE29A7C6}
	EndGlobalSection
EndGlobal
