Microsoft Visual Studio Solution File, Format Version 12.00
# Visual Studio Version 17
VisualStudioVersion = 17.13.35828.75
MinimumVisualStudioVersion = 10.0.40219.1
Project("{FAE04EC0-301F-11D3-BF4B-00C04F79EFBC}") = "10prak", "10prak.csproj", "{7AA6B1AB-6427-439E-B93F-6A9C1D8C754F}"
EndProject
Global
	GlobalSection(SolutionConfigurationPlatforms) = preSolution
		Debug|Any CPU = Debug|Any CPU
		Release|Any CPU = Release|Any CPU
	EndGlobalSection
	GlobalSection(ProjectConfigurationPlatforms) = postSolution
		{7AA6B1AB-6427-439E-B93F-6A9C1D8C754F}.Debug|Any CPU.ActiveCfg = Debug|Any CPU
		{7AA6B1AB-6427-439E-B93F-6A9C1D8C754F}.Debug|Any CPU.Build.0 = Debug|Any CPU
		{7AA6B1AB-6427-439E-B93F-6A9C1D8C754F}.Release|Any CPU.ActiveCfg = Release|Any CPU
		{7AA6B1AB-6427-439E-B93F-6A9C1D8C754F}.Release|Any CPU.Build.0 = Release|Any CPU
	EndGlobalSection
	GlobalSection(SolutionProperties) = preSolution
		HideSolutionNode = FALSE
	EndGlobalSection
	GlobalSection(ExtensibilityGlobals) = postSolution
		SolutionGuid = {7C33F266-F91E-429A-B53E-2A44DD9DC902}
	EndGlobalSection
EndGlobal
